
Microsoft Visual Studio Solution File, Format Version 12.00
# Visual Studio 15
VisualStudioVersion = 15.0.28010.2050
MinimumVisualStudioVersion = 10.0.40219.1
Project("{FAE04EC0-301F-11D3-BF4B-00C04F79EFBC}") = "GDIC", "GDIC\GDIC.csproj", "{89D1039D-D2F3-4F99-BE9D-3EF9A7F0E93B}"
EndProject
Project("{FAE04EC0-301F-11D3-BF4B-00C04F79EFBC}") = "Tests", "Tests\Tests.csproj", "{2FEFEB8C-8D7E-45F3-B933-2F0563EDC1D9}"
EndProject
Global
	GlobalSection(SolutionConfigurationPlatforms) = preSolution
		Debug|Any CPU = Debug|Any CPU
		Release|Any CPU = Release|Any CPU
	EndGlobalSection
	GlobalSection(ProjectConfigurationPlatforms) = postSolution
		{89D1039D-D2F3-4F99-BE9D-3EF9A7F0E93B}.Debug|Any CPU.ActiveCfg = Debug|Any CPU
		{89D1039D-D2F3-4F99-BE9D-3EF9A7F0E93B}.Debug|Any CPU.Build.0 = Debug|Any CPU
		{89D1039D-D2F3-4F99-BE9D-3EF9A7F0E93B}.Release|Any CPU.ActiveCfg = Release|Any CPU
		{89D1039D-D2F3-4F99-BE9D-3EF9A7F0E93B}.Release|Any CPU.Build.0 = Release|Any CPU
		{2FEFEB8C-8D7E-45F3-B933-2F0563EDC1D9}.Debug|Any CPU.ActiveCfg = Debug|Any CPU
		{2FEFEB8C-8D7E-45F3-B933-2F0563EDC1D9}.Debug|Any CPU.Build.0 = Debug|Any CPU
		{2FEFEB8C-8D7E-45F3-B933-2F0563EDC1D9}.Release|Any CPU.ActiveCfg = Release|Any CPU
		{2FEFEB8C-8D7E-45F3-B933-2F0563EDC1D9}.Release|Any CPU.Build.0 = Release|Any CPU
	EndGlobalSection
	GlobalSection(SolutionProperties) = preSolution
		HideSolutionNode = FALSE
	EndGlobalSection
	GlobalSection(ExtensibilityGlobals) = postSolution
		SolutionGuid = {ABE65A67-63AA-430C-9F50-F6EBF2102E85}
	EndGlobalSection
EndGlobal
